
Microsoft Visual Studio Solution File, Format Version 12.00
# Visual Studio Version 16
VisualStudioVersion = 16.0.30128.74
MinimumVisualStudioVersion = 10.0.40219.1
Project("{9A19103F-16F7-4668-BE54-9A1E7A4F7556}") = "TestWeb", "TestWeb\TestWeb.csproj", "{F696F69E-FA42-400E-AAA0-B7D78780BB81}"
EndProject
Project("{FAE04EC0-301F-11D3-BF4B-00C04F79EFBC}") = "TestService", "..\TestService\TestService.csproj", "{50939853-BAD4-47C5-9D42-958EA3DF49AA}"
EndProject
Global
	GlobalSection(SolutionConfigurationPlatforms) = preSolution
		Debug|Any CPU = Debug|Any CPU
		Release|Any CPU = Release|Any CPU
	EndGlobalSection
	GlobalSection(ProjectConfigurationPlatforms) = postSolution
		{F696F69E-FA42-400E-AAA0-B7D78780BB81}.Debug|Any CPU.ActiveCfg = Debug|Any CPU
		{F696F69E-FA42-400E-AAA0-B7D78780BB81}.Debug|Any CPU.Build.0 = Debug|Any CPU
		{F696F69E-FA42-400E-AAA0-B7D78780BB81}.Release|Any CPU.ActiveCfg = Release|Any CPU
		{F696F69E-FA42-400E-AAA0-B7D78780BB81}.Release|Any CPU.Build.0 = Release|Any CPU
		{50939853-BAD4-47C5-9D42-958EA3DF49AA}.Debug|Any CPU.ActiveCfg = Debug|Any CPU
		{50939853-BAD4-47C5-9D42-958EA3DF49AA}.Debug|Any CPU.Build.0 = Debug|Any CPU
		{50939853-BAD4-47C5-9D42-958EA3DF49AA}.Release|Any CPU.ActiveCfg = Release|Any CPU
		{50939853-BAD4-47C5-9D42-958EA3DF49AA}.Release|Any CPU.Build.0 = Release|Any CPU
	EndGlobalSection
	GlobalSection(SolutionProperties) = preSolution
		HideSolutionNode = FALSE
	EndGlobalSection
	GlobalSection(ExtensibilityGlobals) = postSolution
		SolutionGuid = {70A03E6B-B42B-4ED5-843C-4BAB2A7AF294}
	EndGlobalSection
EndGlobal
